dependencies:
  material-components-web: 0.26.0
lockfileVersion: 5
packages:
  /@material/animation/0.25.0:
    dev: false
    resolution:
      integrity: sha512-4RzlpMwJtMnQ3/rNf4zpG9qnoQcCkYiRs6U515MRQzv7qFl1eCZx3U3dGaUu7UVf3Hwx4RskUB/fBxGc0b61CQ==
  /@material/auto-init/0.25.0:
    dev: false
    resolution:
      integrity: sha512-5nZOslGcZUczKXfMPBze5fgAb3OAmoeGxm3h6x3QLZP7FMXgyRpofH6AGw5oDIiXmvSM8r2+sduwW9OfgMlTMA==
  /@material/base/0.24.0:
    dev: false
    resolution:
      integrity: sha512-RG1SbHl6M8a0fdrMAoMm7Fc8jkuj3HhZd0f8Dy5kfUtQk3I7PyzD+MLCrmCHgUAlKbcK2J9VxJWpd4isZr3x9w==
  /@material/button/0.26.0:
    dependencies:
      '@material/elevation': 0.25.0
      '@material/ripple': 0.26.0
      '@material/theme': 0.25.0
      '@material/typography': 0.3.0
    dev: false
    resolution:
      integrity: sha512-C6zZOxe39JSrNs+DLgfZzu224o2l40G3UeJYHJyOz++FSrIaGvHf46L+c0qcqFmo/irr0DG0zrnDpF7pnrWlnA==
  /@material/card/0.25.0:
    dependencies:
      '@material/elevation': 0.25.0
      '@material/rtl': 0.1.8
      '@material/theme': 0.25.0
      '@material/typography': 0.3.0
    dev: false
    resolution:
      integrity: sha512-vpNXUj90uBqf0UlEqw8yDS6X9a5y5QGu+8sQznQLrLfXVKRXzMVix25QDdV5MF1lJoAeLzmWGC/jRBeVN2i0fw==
  /@material/checkbox/0.26.0:
    dependencies:
      '@material/animation': 0.25.0
      '@material/base': 0.24.0
      '@material/ripple': 0.26.0
      '@material/rtl': 0.1.8
      '@material/selection-control': 0.26.0
      '@material/theme': 0.25.0
    dev: false
    resolution:
      integrity: sha512-uRBJbM/TF7BT7ipdPOsaCg9QhSKJqoxy5s9DVTPNZbp41T7T0BWE4gACIj2fg8xnd+tVQwedSiKFiDvwJS627Q==
  /@material/dialog/0.26.0:
    dependencies:
      '@material/animation': 0.25.0
      '@material/base': 0.24.0
      '@material/elevation': 0.25.0
      '@material/ripple': 0.26.0
      '@material/rtl': 0.1.8
      '@material/theme': 0.25.0
      '@material/typography': 0.1.1
      focus-trap: 2.4.6
    dev: false
    resolution:
      integrity: sha512-kZ124cMiqnx6CngXHu33hJvOFvKzYk7j0AZURK6RsLfSDLJc6C3bT8eUQMvnKr81xNg2dLFTKtUwID3O2PqUQw==
  /@material/drawer/0.26.0:
    dependencies:
      '@material/animation': 0.25.0
      '@material/base': 0.24.0
      '@material/elevation': 0.25.0
      '@material/rtl': 0.1.8
      '@material/theme': 0.25.0
      '@material/typography': 0.3.0
    dev: false
    resolution:
      integrity: sha512-h+vlos6RJNpnAPxtZ75yFjpMY7ek2gg4C6bLbevrLjGRNRKe7AU/WZN859Eb21BG10XgY2t67O4zf5mqwm1Ykg==
  /@material/elevation/0.25.0:
    dependencies:
      '@material/animation': 0.25.0
      '@material/theme': 0.4.0
    dev: false
    resolution:
      integrity: sha512-3TU+Far+D7qo8UqghRIRPp2riXV457L2bULiv+KY9WglWR5eyX3l1BfApgEbza+ltZCVcbrtiTcRVpCI18zIqA==
  /@material/fab/0.26.0:
    dependencies:
      '@material/animation': 0.25.0
      '@material/elevation': 0.25.0
      '@material/ripple': 0.26.0
      '@material/theme': 0.25.0
    dev: false
    resolution:
      integrity: sha512-IXVusEgThb3PakfZmBTAVo74VCefTUvZbObc9YfVhW7IdG0iWTKp8WiYB/uvd4EdEbJ1gCqv/JhxDAN79nstAQ==
  /@material/form-field/0.26.0:
    dependencies:
      '@material/base': 0.24.0
      '@material/rtl': 0.1.8
      '@material/selection-control': 0.26.0
      '@material/theme': 0.25.0
      '@material/typography': 0.3.0
    dev: false
    resolution:
      integrity: sha512-82hjXb4RG4wIxyWKWlFN6P4K32kF19YAuoWqIuvBK0tmsh5SOqnNUN0a3MVMKfwIxm0LmVATVyJ8V+ZcAGHfrg==
  /@material/grid-list/0.25.0:
    dependencies:
      '@material/base': 0.24.0
      '@material/rtl': 0.1.8
      '@material/theme': 0.25.0
      '@material/typography': 0.3.0
    dev: false
    resolution:
      integrity: sha512-oBZd9B3+9VWqpZxoQ2TweeGjAdzl8b6pPtcCgi7lZN6iR2qIZgNqm7+UYwKKCJ9/YtL3YTqFxT9piRE4V+cWKA==
  /@material/icon-toggle/0.26.0:
    dependencies:
      '@material/animation': 0.25.0
      '@material/base': 0.24.0
      '@material/ripple': 0.26.0
      '@material/theme': 0.25.0
    dev: false
    resolution:
      integrity: sha512-hy53z3rUQZMi1Xrgi+8NGcB6gNIbxDXd51oWToQdZXNhX1s1g2ZTCdhsLLjgUbLWYw+sK+oM6wAaoe9L/NkE9w==
  /@material/layout-grid/0.24.0:
    dev: false
    resolution:
      integrity: sha512-38Si5CQgRkQwTSVb+lfCZkH8QEe1/HWfj2yNmK5OIFRMBFbSjQRsvf3p+aU1R7fM4TDjNKcgUWqRtBnKuUjNCQ==
  /@material/linear-progress/0.25.0:
    dependencies:
      '@material/animation': 0.25.0
      '@material/base': 0.24.0
      '@material/theme': 0.25.0
    dev: false
    resolution:
      integrity: sha512-HuXik01tDbKWZvym7T6savELmbtKnkK6E9YpNFejIVGjlv/HUrISGgwXUqV6rHdGvttVi0OmIt+nvD5Dd+z33A==
  /@material/list/0.26.0:
    dependencies:
      '@material/ripple': 0.26.0
      '@material/rtl': 0.1.8
      '@material/theme': 0.25.0
      '@material/typography': 0.3.0
    dev: false
    resolution:
      integrity: sha512-oh/iC+G8LDqjy6vjmJG7XO3q7+D6rlFJawsbLbupOE/I5aU9y7D+I2X+LJf7yXxEVNKLVscyd6Q62LLr/1xCTA==
  /@material/menu/0.25.0:
    dependencies:
      '@material/animation': 0.25.0
      '@material/base': 0.24.0
      '@material/elevation': 0.25.0
      '@material/theme': 0.25.0
      '@material/typography': 0.3.0
    dev: false
    resolution:
      integrity: sha512-PpmmQBs0Qh9cPp8wel5iJ56tJfXXVPTIHB6CchY1kd9EBe+k+N7E/ziZRI3aDd1FQqu+q8/CHhqv0s7ac5yviA==
  /@material/radio/0.26.0:
    dependencies:
      '@material/animation': 0.25.0
      '@material/base': 0.24.0
      '@material/ripple': 0.26.0
      '@material/selection-control': 0.26.0
      '@material/theme': 0.25.0
    dev: false
    resolution:
      integrity: sha512-/WaaBR6qbTu96oRkDMjfG8G42WIyUlJe+18jLAUqqAADf4uZjwjIl131k3O3uCX/1iEziql2GweigaE/g0vtog==
  /@material/ripple/0.26.0:
    dependencies:
      '@material/base': 0.24.0
      '@material/theme': 0.25.0
    dev: false
    resolution:
      integrity: sha512-p4B7W/89j1ywYrM7VOsWJ3BWxH3kIezwW+02LoHlFQdtCoYyHa8DNco6XFgawS052iFmfaTpLPIQN3BILz4eBQ==
  /@material/rtl/0.1.8:
    dev: false
    resolution:
      integrity: sha512-NzBobwxvhJg+dch99pVO+Z9HL1DM+esuIy5WYXgM7trfOVh8n9DkVo5vD/NKnDy6F5wCaRnJOI5T19Tev6c9Zw==
  /@material/select/0.26.0:
    dependencies:
      '@material/animation': 0.25.0
      '@material/base': 0.24.0
      '@material/list': 0.26.0
      '@material/menu': 0.25.0
      '@material/rtl': 0.1.8
      '@material/theme': 0.25.0
      '@material/typography': 0.3.0
    dev: false
    resolution:
      integrity: sha512-0oFpvECLBA9e0OCkvAkunHAVcs6P5UR6ArOtecMiqfXtHRsm13A5TOnRqTRZIrqrFP+7cXjj9WARyPvEckAvUQ==
  /@material/selection-control/0.26.0:
    dependencies:
      '@material/ripple': 0.26.0
    dev: false
    resolution:
      integrity: sha512-7zRuZETlru8hnc7vy5j+oc5ngEXGzlCptWvIl6UZy62gwN0I+6v3OrT5J8wFmARA3ouCtNOsJg5T5NiqOsxc8w==
  /@material/slider/0.26.0:
    dependencies:
      '@material/animation': 0.25.0
      '@material/base': 0.24.0
      '@material/rtl': 0.1.8
      '@material/theme': 0.25.0
    dev: false
    resolution:
      integrity: sha512-H8VM91ixBsQoKTuJflwU0Qho2HMqQAjpLJS8F5pNGokQ7f304Y5iK0tvqjLalXNJSBJUTPJqVQxGuwLFIQplCA==
  /@material/snackbar/0.25.0:
    dependencies:
      '@material/animation': 0.25.0
      '@material/base': 0.24.0
      '@material/rtl': 0.1.8
      '@material/theme': 0.25.0
      '@material/typography': 0.3.0
    dev: false
    resolution:
      integrity: sha512-fpcXBsme7jKbE+VJD1ifPzw3ix7HY2bPIf0FSQ2vbmmVc+PlDUHU+lSCGWHn8BdBbA4adgu0P084EidHK2q+EA==
  /@material/switch/0.25.0:
    dependencies:
      '@material/animation': 0.25.0
      '@material/elevation': 0.25.0
      '@material/theme': 0.25.0
    dev: false
    resolution:
      integrity: sha512-FvjWlv+dtZG5bkJ+H+BREw4y0L/C2kT4qJGX1+Uaw9fl+Yz8j9SL8V27q2d7i/xtZIADHsFUxbBsPiqzvOM4ig==
  /@material/tabs/0.26.0:
    dependencies:
      '@material/animation': 0.25.0
      '@material/base': 0.24.0
      '@material/ripple': 0.26.0
      '@material/rtl': 0.1.8
      '@material/theme': 0.25.0
      '@material/typography': 0.3.0
    dev: false
    resolution:
      integrity: sha512-GY33jQ7FRRlVfSX70O01nruRyTkN5qyh5DX3bIWitcrtpBv6GYMvNn/uM2uI8067wzObLcA/nURSSpnMxYFSaw==
  /@material/textfield/0.26.0:
    dependencies:
      '@material/animation': 0.25.0
      '@material/base': 0.24.0
      '@material/ripple': 0.26.0
      '@material/rtl': 0.1.8
      '@material/theme': 0.25.0
      '@material/typography': 0.3.0
    dev: false
    resolution:
      integrity: sha512-Vb9VMfk14OGFlaIBxrFkvHnWzmH6C4mMFRUhAbizuPfAfRPp8Ap39c0G89RFUfjxUfdlME2w3A9yk4kPeJqEDQ==
  /@material/theme/0.25.0:
    dev: false
    resolution:
      integrity: sha512-12JyZlMStatIecXFfiQrEQb0BBVJOCm4cl54j/R3VkOehcIsvG9Z9Y42AJ/DlyRlbQ7J3rkdevf6c5osQXZvKA==
  /@material/theme/0.4.0:
    dev: false
    resolution:
      integrity: sha1-Cu8aAnm2XBWZBYT7i47KCVxzRkE=
  /@material/toolbar/0.25.0:
    dependencies:
      '@material/base': 0.24.0
      '@material/elevation': 0.25.0
      '@material/rtl': 0.1.8
      '@material/theme': 0.25.0
      '@material/typography': 0.3.0
    dev: false
    resolution:
      integrity: sha512-KwYe0RfA0KwGKepnZHQASM7JU2V3HtlsQMD4K/FlA5J87Zf9DrNRIlF59hmi98KGeYbkv5Z/gz4l/gVh/c4tJw==
  /@material/typography/0.1.1:
    dev: false
    resolution:
      integrity: sha1-+y40N70yhNOen7kUhXZ63msr0ME=
  /@material/typography/0.3.0:
    dev: false
    resolution:
      integrity: sha1-+CjC0yFb/WbFgHJwm0JgxkElOQo=
  /focus-trap/2.4.6:
    dependencies:
      tabbable: 1.1.3
    dev: false
    resolution:
      integrity: sha512-vWZTPtBU6pBoyWZDRZJHkXsyP2ZCZBHE3DRVXnSVdQKH/mcDtu9S5Kz8CUDyIqpfZfLEyI9rjKJLnc4Y40BRBg==
  /material-components-web/0.26.0:
    dependencies:
      '@material/animation': 0.25.0
      '@material/auto-init': 0.25.0
      '@material/base': 0.24.0
      '@material/button': 0.26.0
      '@material/card': 0.25.0
      '@material/checkbox': 0.26.0
      '@material/dialog': 0.26.0
      '@material/drawer': 0.26.0
      '@material/elevation': 0.25.0
      '@material/fab': 0.26.0
      '@material/form-field': 0.26.0
      '@material/grid-list': 0.25.0
      '@material/icon-toggle': 0.26.0
      '@material/layout-grid': 0.24.0
      '@material/linear-progress': 0.25.0
      '@material/list': 0.26.0
      '@material/menu': 0.25.0
      '@material/radio': 0.26.0
      '@material/ripple': 0.26.0
      '@material/rtl': 0.1.8
      '@material/select': 0.26.0
      '@material/selection-control': 0.26.0
      '@material/slider': 0.26.0
      '@material/snackbar': 0.25.0
      '@material/switch': 0.25.0
      '@material/tabs': 0.26.0
      '@material/textfield': 0.26.0
      '@material/theme': 0.25.0
      '@material/toolbar': 0.25.0
      '@material/typography': 0.3.0
    dev: false
    resolution:
      integrity: sha512-PHWksxD449yJagLtTn4FAZBaZ2iISVBdFvIg48r1qehZAf+E3aBse09pQDVw50yimBfsIlOjLef7Gcb7XMHFMQ==
  /tabbable/1.1.3:
    dev: false
    resolution:
      integrity: sha512-nOWwx35/JuDI4ONuF0ZTo6lYvI0fY0tZCH1ErzY2EXfu4az50ZyiUX8X073FLiZtmWUVlkRnuXsehjJgCw9tYg==
specifiers:
  material-components-web: ^0.26.0
